
Microsoft Visual Studio Solution File, Format Version 12.00
Project("{FAE04EC0-301F-11D3-BF4B-00C04F79EFBC}") = "RestfulBookerAPIClient", "RestfulBookerAPIClient\RestfulBookerAPIClient.csproj", "{0228D2F5-0A04-4E27-A582-86EA2F1735D3}"
EndProject
Project("{FAE04EC0-301F-11D3-BF4B-00C04F79EFBC}") = "RestfulBookerAPIClient.Tests", "RestfulBookerAPIClient.Tests\RestfulBookerAPIClient.Tests.csproj", "{42A1BCAF-D82B-48FE-8F90-165297B04525}"
EndProject
Global
	GlobalSection(SolutionConfigurationPlatforms) = preSolution
		Debug|Any CPU = Debug|Any CPU
		Release|Any CPU = Release|Any CPU
	EndGlobalSection
	GlobalSection(ProjectConfigurationPlatforms) = postSolution
		{0228D2F5-0A04-4E27-A582-86EA2F1735D3}.Debug|Any CPU.ActiveCfg = Debug|Any CPU
		{0228D2F5-0A04-4E27-A582-86EA2F1735D3}.Debug|Any CPU.Build.0 = Debug|Any CPU
		{0228D2F5-0A04-4E27-A582-86EA2F1735D3}.Release|Any CPU.ActiveCfg = Release|Any CPU
		{0228D2F5-0A04-4E27-A582-86EA2F1735D3}.Release|Any CPU.Build.0 = Release|Any CPU
		{42A1BCAF-D82B-48FE-8F90-165297B04525}.Debug|Any CPU.ActiveCfg = Debug|Any CPU
		{42A1BCAF-D82B-48FE-8F90-165297B04525}.Debug|Any CPU.Build.0 = Debug|Any CPU
		{42A1BCAF-D82B-48FE-8F90-165297B04525}.Release|Any CPU.ActiveCfg = Release|Any CPU
		{42A1BCAF-D82B-48FE-8F90-165297B04525}.Release|Any CPU.Build.0 = Release|Any CPU
	EndGlobalSection
EndGlobal
